
Microsoft Visual Studio Solution File, Format Version 12.00
# Visual Studio Version 17
VisualStudioVersion = 17.7.34031.279
MinimumVisualStudioVersion = 10.0.40219.1
Project("{FAE04EC0-301F-11D3-BF4B-00C04F79EFBC}") = "QuestionnaireLibrary", "QuestionnaireLibrary\QuestionnaireLibrary.csproj", "{3CBAA737-F31D-4672-8F82-A1BE94FA4A4C}"
EndProject
Project("{FAE04EC0-301F-11D3-BF4B-00C04F79EFBC}") = "Demo", "Demo\Demo.csproj", "{08F49D6D-3FA2-4C73-8C60-08D15E7E73CF}"
EndProject
Project("{FAE04EC0-301F-11D3-BF4B-00C04F79EFBC}") = "Questionnaire-The-Game", "Questionnaire-The-Game\Questionnaire-The-Game.csproj", "{E907C65E-D61A-4551-9108-E92677530CF0}"
EndProject
Project("{FAE04EC0-301F-11D3-BF4B-00C04F79EFBC}") = "TriviaApiLibrary", "TriviaApiLibrary\TriviaApiLibrary.csproj", "{DA59C6A1-E61A-4297-998B-2B66142AD6A9}"
EndProject
Project("{FAE04EC0-301F-11D3-BF4B-00C04F79EFBC}") = "ScoreBoardLibrary", "ScoreBoardLibrary\ScoreBoardLibrary.csproj", "{784F5DBD-3712-4C4B-9CBE-2A8C126DA4DF}"
EndProject
Global
	GlobalSection(SolutionConfigurationPlatforms) = preSolution
		Debug|Any CPU = Debug|Any CPU
		Release|Any CPU = Release|Any CPU
	EndGlobalSection
	GlobalSection(ProjectConfigurationPlatforms) = postSolution
		{3CBAA737-F31D-4672-8F82-A1BE94FA4A4C}.Debug|Any CPU.ActiveCfg = Debug|Any CPU
		{3CBAA737-F31D-4672-8F82-A1BE94FA4A4C}.Debug|Any CPU.Build.0 = Debug|Any CPU
		{3CBAA737-F31D-4672-8F82-A1BE94FA4A4C}.Release|Any CPU.ActiveCfg = Release|Any CPU
		{3CBAA737-F31D-4672-8F82-A1BE94FA4A4C}.Release|Any CPU.Build.0 = Release|Any CPU
		{08F49D6D-3FA2-4C73-8C60-08D15E7E73CF}.Debug|Any CPU.ActiveCfg = Debug|Any CPU
		{08F49D6D-3FA2-4C73-8C60-08D15E7E73CF}.Debug|Any CPU.Build.0 = Debug|Any CPU
		{08F49D6D-3FA2-4C73-8C60-08D15E7E73CF}.Release|Any CPU.ActiveCfg = Release|Any CPU
		{08F49D6D-3FA2-4C73-8C60-08D15E7E73CF}.Release|Any CPU.Build.0 = Release|Any CPU
		{E907C65E-D61A-4551-9108-E92677530CF0}.Debug|Any CPU.ActiveCfg = Debug|Any CPU
		{E907C65E-D61A-4551-9108-E92677530CF0}.Debug|Any CPU.Build.0 = Debug|Any CPU
		{E907C65E-D61A-4551-9108-E92677530CF0}.Release|Any CPU.ActiveCfg = Release|Any CPU
		{E907C65E-D61A-4551-9108-E92677530CF0}.Release|Any CPU.Build.0 = Release|Any CPU
		{DA59C6A1-E61A-4297-998B-2B66142AD6A9}.Debug|Any CPU.ActiveCfg = Debug|Any CPU
		{DA59C6A1-E61A-4297-998B-2B66142AD6A9}.Debug|Any CPU.Build.0 = Debug|Any CPU
		{DA59C6A1-E61A-4297-998B-2B66142AD6A9}.Release|Any CPU.ActiveCfg = Release|Any CPU
		{DA59C6A1-E61A-4297-998B-2B66142AD6A9}.Release|Any CPU.Build.0 = Release|Any CPU
		{784F5DBD-3712-4C4B-9CBE-2A8C126DA4DF}.Debug|Any CPU.ActiveCfg = Debug|Any CPU
		{784F5DBD-3712-4C4B-9CBE-2A8C126DA4DF}.Debug|Any CPU.Build.0 = Debug|Any CPU
		{784F5DBD-3712-4C4B-9CBE-2A8C126DA4DF}.Release|Any CPU.ActiveCfg = Release|Any CPU
		{784F5DBD-3712-4C4B-9CBE-2A8C126DA4DF}.Release|Any CPU.Build.0 = Release|Any CPU
	EndGlobalSection
	GlobalSection(SolutionProperties) = preSolution
		HideSolutionNode = FALSE
	EndGlobalSection
	GlobalSection(ExtensibilityGlobals) = postSolution
		SolutionGuid = {E977FB01-59EF-4DC2-AC11-424EFD1E7BA3}
	EndGlobalSection
EndGlobal
